<?xml version="1.0" encoding="utf-8"?>
<Project ToolsVersion="4.0" xmlns="http://schemas.microsoft.com/developer/msbuild/2003">
  <ItemGroup>
    <Filter Include="ソース ファイル">
      <UniqueIdentifier>{4FC737F1-C7A5-4376-A066-2A32D752A2FF}</UniqueIdentifier>
      <Extensions>cpp;c;cc;cxx;def;odl;idl;hpj;bat;asm;asmx</Extensions>
    </Filter>
    <Filter Include="ヘッダー ファイル">
      <UniqueIdentifier>{93995380-89BD-4b04-88EB-625FBE52EBFB}</UniqueIdentifier>
      <Extensions>h;hpp;hxx;hm;inl;inc;xsd</Extensions>
    </Filter>
    <Filter Include="リソース ファイル">
      <UniqueIdentifier>{67DA6AB6-F800-4c08-8B7A-83BB121AAD01}</UniqueIdentifier>
      <Extensions>rc;ico;cur;bmp;dlg;rc2;rct;bin;rgs;gif;jpg;jpeg;jpe;resx;tiff;tif;png;wav;mfcribbon-ms</Extensions>
    </Filter>
  </ItemGroup>
  <ItemGroup>
    <ClInclude Include="..\qrencode-3.4.4\qrencode.h">
      <Filter>ヘッダー ファイル</Filter>
    </ClInclude>
    <ClInclude Include="..\qrencode-3.4.4\qrencode_inner.h">
      <Filter>ヘッダー ファイル</Filter>
    </ClInclude>
    <ClInclude Include="..\qrencode-3.4.4\qrinput.h">
      <Filter>ヘッダー ファイル</Filter>
    </ClInclude>
    <ClInclude Include="..\qrencode-3.4.4\qrspec.h">
      <Filter>ヘッダー ファイル</Filter>
    </ClInclude>
    <ClInclude Include="..\qrencode-3.4.4\rscode.h">
      <Filter>ヘッダー ファイル</Filter>
    </ClInclude>
    <ClInclude Include="..\qrencode-3.4.4\split.h">
      <Filter>ヘッダー ファイル</Filter>
    </ClInclude>
    <ClInclude Include="..\qrencode-3.4.4\bitstream.h">
      <Filter>ヘッダー ファイル</Filter>
    </ClInclude>
    <ClInclude Include="..\qrencode-3.4.4\mask.h">
      <Filter>ヘッダー ファイル</Filter>
    </ClInclude>
    <ClInclude Include="..\qrencode-3.4.4\mmask.h">
      <Filter>ヘッダー ファイル</Filter>
    </ClInclude>
    <ClInclude Include="..\qrencode-3.4.4\mqrspec.h">
      <Filter>ヘッダー ファイル</Filter>
    </ClInclude>
    <ClInclude Include="..\qrencode-3.4.4\config.h">
      <Filter>ヘッダー ファイル</Filter>
    </ClInclude>
  </ItemGroup>
  <ItemGroup>
    <ClCompile Include="..\qrencode-3.4.4\qrencode.c">
      <Filter>ソース ファイル</Filter>
    </ClCompile>
    <ClCompile Include="..\qrencode-3.4.4\qrinput.c">
      <Filter>ソース ファイル</Filter>
    </ClCompile>
    <ClCompile Include="..\qrencode-3.4.4\qrspec.c">
      <Filter>ソース ファイル</Filter>
    </ClCompile>
    <ClCompile Include="..\qrencode-3.4.4\rscode.c">
      <Filter>ソース ファイル</Filter>
    </ClCompile>
    <ClCompile Include="..\qrencode-3.4.4\split.c">
      <Filter>ソース ファイル</Filter>
    </ClCompile>
    <ClCompile Include="..\qrencode-3.4.4\bitstream.c">
      <Filter>ソース ファイル</Filter>
    </ClCompile>
    <ClCompile Include="..\qrencode-3.4.4\mqrspec.c">
      <Filter>ソース ファイル</Filter>
    </ClCompile>
    <ClCompile Include="..\qrencode-3.4.4\mask.c">
      <Filter>ソース ファイル</Filter>
    </ClCompile>
    <ClCompile Include="..\qrencode-3.4.4\mmask.c">
      <Filter>ソース ファイル</Filter>
    </ClCompile>
  </ItemGroup>
</Project>